
Microsoft Visual Studio Solution File, Format Version 12.00
# Visual Studio 15
Project("{FAE04EC0-301F-11D3-BF4B-00C04F79EFBC}") = "Localization.Android", "Localization.Android\Localization.Android.csproj", "{51676611-FD86-41E1-874A-3A5322BF777F}"
EndProject
Project("{FAE04EC0-301F-11D3-BF4B-00C04F79EFBC}") = "Localization.iOS", "Localization.iOS\Localization.iOS.csproj", "{6E5EE882-FF87-4D4F-839E-AABB336AE872}"
EndProject
Project("{FAE04EC0-301F-11D3-BF4B-00C04F79EFBC}") = "Localization", "Localization\Localization.csproj", "{AD0C021E-0D0D-4765-850D-B2368A740953}"
EndProject
Global
	GlobalSection(SolutionConfigurationPlatforms) = preSolution
		Debug|Any CPU = Debug|Any CPU
		Release|Any CPU = Release|Any CPU
		Debug|iPhoneSimulator = Debug|iPhoneSimulator
		Release|iPhoneSimulator = Release|iPhoneSimulator
		Debug|iPhone = Debug|iPhone
		Release|iPhone = Release|iPhone
		Ad-Hoc|iPhone = Ad-Hoc|iPhone
		AppStore|iPhone = AppStore|iPhone
	EndGlobalSection
	GlobalSection(ProjectConfigurationPlatforms) = postSolution
		{51676611-FD86-41E1-874A-3A5322BF777F}.Debug|Any CPU.ActiveCfg = Debug|Any CPU
		{51676611-FD86-41E1-874A-3A5322BF777F}.Debug|Any CPU.Build.0 = Debug|Any CPU
		{51676611-FD86-41E1-874A-3A5322BF777F}.Release|Any CPU.ActiveCfg = Release|Any CPU
		{51676611-FD86-41E1-874A-3A5322BF777F}.Release|Any CPU.Build.0 = Release|Any CPU
		{51676611-FD86-41E1-874A-3A5322BF777F}.Debug|iPhoneSimulator.ActiveCfg = Debug|Any CPU
		{51676611-FD86-41E1-874A-3A5322BF777F}.Debug|iPhoneSimulator.Build.0 = Debug|Any CPU
		{51676611-FD86-41E1-874A-3A5322BF777F}.Release|iPhoneSimulator.ActiveCfg = Release|Any CPU
		{51676611-FD86-41E1-874A-3A5322BF777F}.Release|iPhoneSimulator.Build.0 = Release|Any CPU
		{51676611-FD86-41E1-874A-3A5322BF777F}.Debug|iPhone.ActiveCfg = Debug|Any CPU
		{51676611-FD86-41E1-874A-3A5322BF777F}.Debug|iPhone.Build.0 = Debug|Any CPU
		{51676611-FD86-41E1-874A-3A5322BF777F}.Release|iPhone.ActiveCfg = Release|Any CPU
		{51676611-FD86-41E1-874A-3A5322BF777F}.Release|iPhone.Build.0 = Release|Any CPU
		{51676611-FD86-41E1-874A-3A5322BF777F}.Ad-Hoc|iPhone.ActiveCfg = Debug|Any CPU
		{51676611-FD86-41E1-874A-3A5322BF777F}.Ad-Hoc|iPhone.Build.0 = Debug|Any CPU
		{51676611-FD86-41E1-874A-3A5322BF777F}.AppStore|iPhone.ActiveCfg = Debug|Any CPU
		{51676611-FD86-41E1-874A-3A5322BF777F}.AppStore|iPhone.Build.0 = Debug|Any CPU
		{6E5EE882-FF87-4D4F-839E-AABB336AE872}.Debug|Any CPU.ActiveCfg = Debug|iPhoneSimulator
		{6E5EE882-FF87-4D4F-839E-AABB336AE872}.Debug|Any CPU.Build.0 = Debug|iPhoneSimulator
		{6E5EE882-FF87-4D4F-839E-AABB336AE872}.Release|Any CPU.ActiveCfg = Release|iPhoneSimulator
		{6E5EE882-FF87-4D4F-839E-AABB336AE872}.Release|Any CPU.Build.0 = Release|iPhoneSimulator
		{6E5EE882-FF87-4D4F-839E-AABB336AE872}.Debug|iPhoneSimulator.ActiveCfg = Debug|iPhoneSimulator
		{6E5EE882-FF87-4D4F-839E-AABB336AE872}.Debug|iPhoneSimulator.Build.0 = Debug|iPhoneSimulator
		{6E5EE882-FF87-4D4F-839E-AABB336AE872}.Release|iPhoneSimulator.ActiveCfg = Release|iPhoneSimulator
		{6E5EE882-FF87-4D4F-839E-AABB336AE872}.Release|iPhoneSimulator.Build.0 = Release|iPhoneSimulator
		{6E5EE882-FF87-4D4F-839E-AABB336AE872}.Debug|iPhone.ActiveCfg = Debug|iPhone
		{6E5EE882-FF87-4D4F-839E-AABB336AE872}.Debug|iPhone.Build.0 = Debug|iPhone
		{6E5EE882-FF87-4D4F-839E-AABB336AE872}.Release|iPhone.ActiveCfg = Release|iPhone
		{6E5EE882-FF87-4D4F-839E-AABB336AE872}.Release|iPhone.Build.0 = Release|iPhone
		{6E5EE882-FF87-4D4F-839E-AABB336AE872}.Ad-Hoc|iPhone.ActiveCfg = Ad-Hoc|iPhone
		{6E5EE882-FF87-4D4F-839E-AABB336AE872}.Ad-Hoc|iPhone.Build.0 = Ad-Hoc|iPhone
		{6E5EE882-FF87-4D4F-839E-AABB336AE872}.AppStore|iPhone.ActiveCfg = AppStore|iPhone
		{6E5EE882-FF87-4D4F-839E-AABB336AE872}.AppStore|iPhone.Build.0 = AppStore|iPhone
		{AD0C021E-0D0D-4765-850D-B2368A740953}.Debug|Any CPU.ActiveCfg = Debug|Any CPU
		{AD0C021E-0D0D-4765-850D-B2368A740953}.Debug|Any CPU.Build.0 = Debug|Any CPU
		{AD0C021E-0D0D-4765-850D-B2368A740953}.Release|Any CPU.ActiveCfg = Release|Any CPU
		{AD0C021E-0D0D-4765-850D-B2368A740953}.Release|Any CPU.Build.0 = Release|Any CPU
		{AD0C021E-0D0D-4765-850D-B2368A740953}.Debug|iPhoneSimulator.ActiveCfg = Debug|Any CPU
		{AD0C021E-0D0D-4765-850D-B2368A740953}.Debug|iPhoneSimulator.Build.0 = Debug|Any CPU
		{AD0C021E-0D0D-4765-850D-B2368A740953}.Release|iPhoneSimulator.ActiveCfg = Release|Any CPU
		{AD0C021E-0D0D-4765-850D-B2368A740953}.Release|iPhoneSimulator.Build.0 = Release|Any CPU
		{AD0C021E-0D0D-4765-850D-B2368A740953}.Debug|iPhone.ActiveCfg = Debug|Any CPU
		{AD0C021E-0D0D-4765-850D-B2368A740953}.Debug|iPhone.Build.0 = Debug|Any CPU
		{AD0C021E-0D0D-4765-850D-B2368A740953}.Release|iPhone.ActiveCfg = Release|Any CPU
		{AD0C021E-0D0D-4765-850D-B2368A740953}.Release|iPhone.Build.0 = Release|Any CPU
		{AD0C021E-0D0D-4765-850D-B2368A740953}.Ad-Hoc|iPhone.ActiveCfg = Debug|Any CPU
		{AD0C021E-0D0D-4765-850D-B2368A740953}.Ad-Hoc|iPhone.Build.0 = Debug|Any CPU
		{AD0C021E-0D0D-4765-850D-B2368A740953}.AppStore|iPhone.ActiveCfg = Debug|Any CPU
		{AD0C021E-0D0D-4765-850D-B2368A740953}.AppStore|iPhone.Build.0 = Debug|Any CPU
	EndGlobalSection
EndGlobal
