
Microsoft Visual Studio Solution File, Format Version 12.00
# Visual Studio 15
Project("{FAE04EC0-301F-11D3-BF4B-00C04F79EFBC}") = "ListView.Android", "ListView.Android\ListView.Android.csproj", "{1BFCAB73-BF15-45E7-A183-459F33F4D583}"
EndProject
Project("{FAE04EC0-301F-11D3-BF4B-00C04F79EFBC}") = "ListView.iOS", "ListView.iOS\ListView.iOS.csproj", "{86A5E5DD-FC8D-4A35-B485-27E80D1EBAF2}"
EndProject
Project("{FAE04EC0-301F-11D3-BF4B-00C04F79EFBC}") = "ListView", "ListView\ListView.csproj", "{3C876FE1-51E9-4311-820C-B8CCB90AD9D7}"
EndProject
Global
	GlobalSection(SolutionConfigurationPlatforms) = preSolution
		Debug|Any CPU = Debug|Any CPU
		Release|Any CPU = Release|Any CPU
		Debug|iPhoneSimulator = Debug|iPhoneSimulator
		Release|iPhoneSimulator = Release|iPhoneSimulator
		Debug|iPhone = Debug|iPhone
		Release|iPhone = Release|iPhone
		Ad-Hoc|iPhone = Ad-Hoc|iPhone
		AppStore|iPhone = AppStore|iPhone
	EndGlobalSection
	GlobalSection(ProjectConfigurationPlatforms) = postSolution
		{1BFCAB73-BF15-45E7-A183-459F33F4D583}.Debug|Any CPU.ActiveCfg = Debug|Any CPU
		{1BFCAB73-BF15-45E7-A183-459F33F4D583}.Debug|Any CPU.Build.0 = Debug|Any CPU
		{1BFCAB73-BF15-45E7-A183-459F33F4D583}.Release|Any CPU.ActiveCfg = Release|Any CPU
		{1BFCAB73-BF15-45E7-A183-459F33F4D583}.Release|Any CPU.Build.0 = Release|Any CPU
		{1BFCAB73-BF15-45E7-A183-459F33F4D583}.Debug|iPhoneSimulator.ActiveCfg = Debug|Any CPU
		{1BFCAB73-BF15-45E7-A183-459F33F4D583}.Debug|iPhoneSimulator.Build.0 = Debug|Any CPU
		{1BFCAB73-BF15-45E7-A183-459F33F4D583}.Release|iPhoneSimulator.ActiveCfg = Release|Any CPU
		{1BFCAB73-BF15-45E7-A183-459F33F4D583}.Release|iPhoneSimulator.Build.0 = Release|Any CPU
		{1BFCAB73-BF15-45E7-A183-459F33F4D583}.Debug|iPhone.ActiveCfg = Debug|Any CPU
		{1BFCAB73-BF15-45E7-A183-459F33F4D583}.Debug|iPhone.Build.0 = Debug|Any CPU
		{1BFCAB73-BF15-45E7-A183-459F33F4D583}.Release|iPhone.ActiveCfg = Release|Any CPU
		{1BFCAB73-BF15-45E7-A183-459F33F4D583}.Release|iPhone.Build.0 = Release|Any CPU
		{1BFCAB73-BF15-45E7-A183-459F33F4D583}.Ad-Hoc|iPhone.ActiveCfg = Debug|Any CPU
		{1BFCAB73-BF15-45E7-A183-459F33F4D583}.Ad-Hoc|iPhone.Build.0 = Debug|Any CPU
		{1BFCAB73-BF15-45E7-A183-459F33F4D583}.AppStore|iPhone.ActiveCfg = Debug|Any CPU
		{1BFCAB73-BF15-45E7-A183-459F33F4D583}.AppStore|iPhone.Build.0 = Debug|Any CPU
		{86A5E5DD-FC8D-4A35-B485-27E80D1EBAF2}.Debug|Any CPU.ActiveCfg = Debug|iPhoneSimulator
		{86A5E5DD-FC8D-4A35-B485-27E80D1EBAF2}.Debug|Any CPU.Build.0 = Debug|iPhoneSimulator
		{86A5E5DD-FC8D-4A35-B485-27E80D1EBAF2}.Release|Any CPU.ActiveCfg = Release|iPhoneSimulator
		{86A5E5DD-FC8D-4A35-B485-27E80D1EBAF2}.Release|Any CPU.Build.0 = Release|iPhoneSimulator
		{86A5E5DD-FC8D-4A35-B485-27E80D1EBAF2}.Debug|iPhoneSimulator.ActiveCfg = Debug|iPhoneSimulator
		{86A5E5DD-FC8D-4A35-B485-27E80D1EBAF2}.Debug|iPhoneSimulator.Build.0 = Debug|iPhoneSimulator
		{86A5E5DD-FC8D-4A35-B485-27E80D1EBAF2}.Release|iPhoneSimulator.ActiveCfg = Release|iPhoneSimulator
		{86A5E5DD-FC8D-4A35-B485-27E80D1EBAF2}.Release|iPhoneSimulator.Build.0 = Release|iPhoneSimulator
		{86A5E5DD-FC8D-4A35-B485-27E80D1EBAF2}.Debug|iPhone.ActiveCfg = Debug|iPhone
		{86A5E5DD-FC8D-4A35-B485-27E80D1EBAF2}.Debug|iPhone.Build.0 = Debug|iPhone
		{86A5E5DD-FC8D-4A35-B485-27E80D1EBAF2}.Release|iPhone.ActiveCfg = Release|iPhone
		{86A5E5DD-FC8D-4A35-B485-27E80D1EBAF2}.Release|iPhone.Build.0 = Release|iPhone
		{86A5E5DD-FC8D-4A35-B485-27E80D1EBAF2}.Ad-Hoc|iPhone.ActiveCfg = Ad-Hoc|iPhone
		{86A5E5DD-FC8D-4A35-B485-27E80D1EBAF2}.Ad-Hoc|iPhone.Build.0 = Ad-Hoc|iPhone
		{86A5E5DD-FC8D-4A35-B485-27E80D1EBAF2}.AppStore|iPhone.ActiveCfg = AppStore|iPhone
		{86A5E5DD-FC8D-4A35-B485-27E80D1EBAF2}.AppStore|iPhone.Build.0 = AppStore|iPhone
		{3C876FE1-51E9-4311-820C-B8CCB90AD9D7}.Debug|Any CPU.ActiveCfg = Debug|Any CPU
		{3C876FE1-51E9-4311-820C-B8CCB90AD9D7}.Debug|Any CPU.Build.0 = Debug|Any CPU
		{3C876FE1-51E9-4311-820C-B8CCB90AD9D7}.Release|Any CPU.ActiveCfg = Release|Any CPU
		{3C876FE1-51E9-4311-820C-B8CCB90AD9D7}.Release|Any CPU.Build.0 = Release|Any CPU
		{3C876FE1-51E9-4311-820C-B8CCB90AD9D7}.Debug|iPhoneSimulator.ActiveCfg = Debug|Any CPU
		{3C876FE1-51E9-4311-820C-B8CCB90AD9D7}.Debug|iPhoneSimulator.Build.0 = Debug|Any CPU
		{3C876FE1-51E9-4311-820C-B8CCB90AD9D7}.Release|iPhoneSimulator.ActiveCfg = Release|Any CPU
		{3C876FE1-51E9-4311-820C-B8CCB90AD9D7}.Release|iPhoneSimulator.Build.0 = Release|Any CPU
		{3C876FE1-51E9-4311-820C-B8CCB90AD9D7}.Debug|iPhone.ActiveCfg = Debug|Any CPU
		{3C876FE1-51E9-4311-820C-B8CCB90AD9D7}.Debug|iPhone.Build.0 = Debug|Any CPU
		{3C876FE1-51E9-4311-820C-B8CCB90AD9D7}.Release|iPhone.ActiveCfg = Release|Any CPU
		{3C876FE1-51E9-4311-820C-B8CCB90AD9D7}.Release|iPhone.Build.0 = Release|Any CPU
		{3C876FE1-51E9-4311-820C-B8CCB90AD9D7}.Ad-Hoc|iPhone.ActiveCfg = Debug|Any CPU
		{3C876FE1-51E9-4311-820C-B8CCB90AD9D7}.Ad-Hoc|iPhone.Build.0 = Debug|Any CPU
		{3C876FE1-51E9-4311-820C-B8CCB90AD9D7}.AppStore|iPhone.ActiveCfg = Debug|Any CPU
		{3C876FE1-51E9-4311-820C-B8CCB90AD9D7}.AppStore|iPhone.Build.0 = Debug|Any CPU
	EndGlobalSection
EndGlobal
